
Microsoft Visual Studio Solution File, Format Version 12.00
# Visual Studio Version 17
VisualStudioVersion = 17.7.34031.279
MinimumVisualStudioVersion = 10.0.40219.1
Project("{9A19103F-16F7-4668-BE54-9A1E7A4F7556}") = "Cultivar_AzureIotHub", "Cultivar_AzureIoTHub\Cultivar_AzureIotHub.csproj", "{A422B551-548B-46C3-82C1-8D59E65773AB}"
EndProject
Project("{9A19103F-16F7-4668-BE54-9A1E7A4F7556}") = "Cultivar_AzureFunction", "Cultivar_AzureFunction\Cultivar_AzureFunction.csproj", "{00651ABA-0A9C-4200-A6E0-73793554B2D0}"
EndProject
Global
	GlobalSection(SolutionConfigurationPlatforms) = preSolution
		Debug|Any CPU = Debug|Any CPU
		Release|Any CPU = Release|Any CPU
	EndGlobalSection
	GlobalSection(ProjectConfigurationPlatforms) = postSolution
		{A422B551-548B-46C3-82C1-8D59E65773AB}.Debug|Any CPU.ActiveCfg = Debug|Any CPU
		{A422B551-548B-46C3-82C1-8D59E65773AB}.Debug|Any CPU.Build.0 = Debug|Any CPU
		{A422B551-548B-46C3-82C1-8D59E65773AB}.Debug|Any CPU.Deploy.0 = Debug|Any CPU
		{A422B551-548B-46C3-82C1-8D59E65773AB}.Release|Any CPU.ActiveCfg = Release|Any CPU
		{A422B551-548B-46C3-82C1-8D59E65773AB}.Release|Any CPU.Build.0 = Release|Any CPU
		{A422B551-548B-46C3-82C1-8D59E65773AB}.Release|Any CPU.Deploy.0 = Release|Any CPU
		{00651ABA-0A9C-4200-A6E0-73793554B2D0}.Debug|Any CPU.ActiveCfg = Debug|Any CPU
		{00651ABA-0A9C-4200-A6E0-73793554B2D0}.Debug|Any CPU.Build.0 = Debug|Any CPU
		{00651ABA-0A9C-4200-A6E0-73793554B2D0}.Release|Any CPU.ActiveCfg = Release|Any CPU
		{00651ABA-0A9C-4200-A6E0-73793554B2D0}.Release|Any CPU.Build.0 = Release|Any CPU
	EndGlobalSection
	GlobalSection(SolutionProperties) = preSolution
		HideSolutionNode = FALSE
	EndGlobalSection
	GlobalSection(ExtensibilityGlobals) = postSolution
		SolutionGuid = {C8DEEE7F-153A-43B5-AEF0-6D1025687BD9}
	EndGlobalSection
EndGlobal
