
Microsoft Visual Studio Solution File, Format Version 12.00
# Visual Studio Version 17
VisualStudioVersion = 17.7.34031.279
MinimumVisualStudioVersion = 10.0.40219.1
Project("{2150E333-8FDC-42A3-9474-1A3956D46DE8}") = "Scratch_Apps", "Scratch_Apps", "{18F35D11-B5FE-4800-8559-26A98B2328CB}"
EndProject
Project("{9A19103F-16F7-4668-BE54-9A1E7A4F7556}") = "RelayControl", "Scratch_Apps\RelayControl\RelayControl.csproj", "{33DA4C72-9613-49F5-98E0-E2BABBC73637}"
EndProject
Project("{9A19103F-16F7-4668-BE54-9A1E7A4F7556}") = "CloudStuff", "Scratch_Apps\CloudStuff\CloudStuff.csproj", "{1EE4393B-D5F4-47CB-97E5-36154E867158}"
EndProject
Project("{9A19103F-16F7-4668-BE54-9A1E7A4F7556}") = "Scheduler", "Scratch_Apps\Scheduler\Scheduler.csproj", "{D18522B9-B145-429E-9562-311E844B64F5}"
EndProject
Project("{2150E333-8FDC-42A3-9474-1A3956D46DE8}") = "Apps", "Apps", "{04FDB621-B754-4414-9AAF-BCF7DEBA902F}"
EndProject
Project("{9A19103F-16F7-4668-BE54-9A1E7A4F7556}") = "Cultivar.MeadowApp", "Apps\Cultivar.MeadowApp\Cultivar.MeadowApp.csproj", "{D2783B3A-FB28-4FAC-8D97-8AAD5D95ECAD}"
EndProject
Project("{9A19103F-16F7-4668-BE54-9A1E7A4F7556}") = "Cultivar.Core", "Apps\Cultivar.Core\Cultivar.Core.csproj", "{DC72D456-5F76-40E4-AD0A-D0C312932F47}"
EndProject
Project("{9A19103F-16F7-4668-BE54-9A1E7A4F7556}") = "Cultivar_AzureFunction", "Scratch_Apps\Cultivar_Azure\Cultivar_AzureFunction\Cultivar_AzureFunction.csproj", "{9CDEEAE1-0522-48BA-BECC-3087B2AA2718}"
EndProject
Project("{9A19103F-16F7-4668-BE54-9A1E7A4F7556}") = "Cultivar_AzureIotHub", "Scratch_Apps\Cultivar_Azure\Cultivar_AzureIoTHub\Cultivar_AzureIotHub.csproj", "{8EF4E18E-5F99-42E9-A7D8-8360D181A547}"
EndProject
Project("{9A19103F-16F7-4668-BE54-9A1E7A4F7556}") = "Cultivar_reTerminal", "..\Cultivar_reTerminal\Cultivar_reTerminal.csproj", "{6F5DB2D6-8F53-456B-9485-60E2577C9F4C}"
EndProject
Project("{9A19103F-16F7-4668-BE54-9A1E7A4F7556}") = "Cultivar_HMI", "Scratch_Apps\Cultivar_HMI\Cultivar_HMI.csproj", "{189363AC-7770-47E6-BA80-8CB9E0944432}"
EndProject
Project("{9A19103F-16F7-4668-BE54-9A1E7A4F7556}") = "Cultivar.Simulator", "Apps\Cultivar.Simulator\Cultivar.Simulator.csproj", "{54A08AEA-85E1-4E2B-A676-3B1B89E9EC5D}"
EndProject
Global
	GlobalSection(SolutionConfigurationPlatforms) = preSolution
		Debug|Any CPU = Debug|Any CPU
		Release|Any CPU = Release|Any CPU
	EndGlobalSection
	GlobalSection(ProjectConfigurationPlatforms) = postSolution
		{33DA4C72-9613-49F5-98E0-E2BABBC73637}.Debug|Any CPU.ActiveCfg = Debug|Any CPU
		{33DA4C72-9613-49F5-98E0-E2BABBC73637}.Debug|Any CPU.Build.0 = Debug|Any CPU
		{33DA4C72-9613-49F5-98E0-E2BABBC73637}.Release|Any CPU.ActiveCfg = Release|Any CPU
		{33DA4C72-9613-49F5-98E0-E2BABBC73637}.Release|Any CPU.Build.0 = Release|Any CPU
		{1EE4393B-D5F4-47CB-97E5-36154E867158}.Debug|Any CPU.ActiveCfg = Debug|Any CPU
		{1EE4393B-D5F4-47CB-97E5-36154E867158}.Debug|Any CPU.Build.0 = Debug|Any CPU
		{1EE4393B-D5F4-47CB-97E5-36154E867158}.Release|Any CPU.ActiveCfg = Release|Any CPU
		{1EE4393B-D5F4-47CB-97E5-36154E867158}.Release|Any CPU.Build.0 = Release|Any CPU
		{D18522B9-B145-429E-9562-311E844B64F5}.Debug|Any CPU.ActiveCfg = Debug|Any CPU
		{D18522B9-B145-429E-9562-311E844B64F5}.Debug|Any CPU.Build.0 = Debug|Any CPU
		{D18522B9-B145-429E-9562-311E844B64F5}.Release|Any CPU.ActiveCfg = Release|Any CPU
		{D18522B9-B145-429E-9562-311E844B64F5}.Release|Any CPU.Build.0 = Release|Any CPU
		{D2783B3A-FB28-4FAC-8D97-8AAD5D95ECAD}.Debug|Any CPU.ActiveCfg = Debug|Any CPU
		{D2783B3A-FB28-4FAC-8D97-8AAD5D95ECAD}.Debug|Any CPU.Build.0 = Debug|Any CPU
		{D2783B3A-FB28-4FAC-8D97-8AAD5D95ECAD}.Release|Any CPU.ActiveCfg = Release|Any CPU
		{D2783B3A-FB28-4FAC-8D97-8AAD5D95ECAD}.Release|Any CPU.Build.0 = Release|Any CPU
		{DC72D456-5F76-40E4-AD0A-D0C312932F47}.Debug|Any CPU.ActiveCfg = Debug|Any CPU
		{DC72D456-5F76-40E4-AD0A-D0C312932F47}.Debug|Any CPU.Build.0 = Debug|Any CPU
		{DC72D456-5F76-40E4-AD0A-D0C312932F47}.Release|Any CPU.ActiveCfg = Release|Any CPU
		{DC72D456-5F76-40E4-AD0A-D0C312932F47}.Release|Any CPU.Build.0 = Release|Any CPU
		{9CDEEAE1-0522-48BA-BECC-3087B2AA2718}.Debug|Any CPU.ActiveCfg = Debug|Any CPU
		{9CDEEAE1-0522-48BA-BECC-3087B2AA2718}.Debug|Any CPU.Build.0 = Debug|Any CPU
		{9CDEEAE1-0522-48BA-BECC-3087B2AA2718}.Release|Any CPU.ActiveCfg = Release|Any CPU
		{9CDEEAE1-0522-48BA-BECC-3087B2AA2718}.Release|Any CPU.Build.0 = Release|Any CPU
		{8EF4E18E-5F99-42E9-A7D8-8360D181A547}.Debug|Any CPU.ActiveCfg = Debug|Any CPU
		{8EF4E18E-5F99-42E9-A7D8-8360D181A547}.Debug|Any CPU.Build.0 = Debug|Any CPU
		{8EF4E18E-5F99-42E9-A7D8-8360D181A547}.Debug|Any CPU.Deploy.0 = Debug|Any CPU
		{8EF4E18E-5F99-42E9-A7D8-8360D181A547}.Release|Any CPU.ActiveCfg = Release|Any CPU
		{8EF4E18E-5F99-42E9-A7D8-8360D181A547}.Release|Any CPU.Build.0 = Release|Any CPU
		{8EF4E18E-5F99-42E9-A7D8-8360D181A547}.Release|Any CPU.Deploy.0 = Release|Any CPU
		{6F5DB2D6-8F53-456B-9485-60E2577C9F4C}.Debug|Any CPU.ActiveCfg = Debug|Any CPU
		{6F5DB2D6-8F53-456B-9485-60E2577C9F4C}.Debug|Any CPU.Build.0 = Debug|Any CPU
		{6F5DB2D6-8F53-456B-9485-60E2577C9F4C}.Release|Any CPU.ActiveCfg = Release|Any CPU
		{6F5DB2D6-8F53-456B-9485-60E2577C9F4C}.Release|Any CPU.Build.0 = Release|Any CPU
		{189363AC-7770-47E6-BA80-8CB9E0944432}.Debug|Any CPU.ActiveCfg = Debug|Any CPU
		{189363AC-7770-47E6-BA80-8CB9E0944432}.Debug|Any CPU.Build.0 = Debug|Any CPU
		{189363AC-7770-47E6-BA80-8CB9E0944432}.Debug|Any CPU.Deploy.0 = Debug|Any CPU
		{189363AC-7770-47E6-BA80-8CB9E0944432}.Release|Any CPU.ActiveCfg = Release|Any CPU
		{189363AC-7770-47E6-BA80-8CB9E0944432}.Release|Any CPU.Build.0 = Release|Any CPU
		{189363AC-7770-47E6-BA80-8CB9E0944432}.Release|Any CPU.Deploy.0 = Release|Any CPU
		{54A08AEA-85E1-4E2B-A676-3B1B89E9EC5D}.Debug|Any CPU.ActiveCfg = Debug|Any CPU
		{54A08AEA-85E1-4E2B-A676-3B1B89E9EC5D}.Debug|Any CPU.Build.0 = Debug|Any CPU
		{54A08AEA-85E1-4E2B-A676-3B1B89E9EC5D}.Release|Any CPU.ActiveCfg = Release|Any CPU
		{54A08AEA-85E1-4E2B-A676-3B1B89E9EC5D}.Release|Any CPU.Build.0 = Release|Any CPU
	EndGlobalSection
	GlobalSection(SolutionProperties) = preSolution
		HideSolutionNode = FALSE
	EndGlobalSection
	GlobalSection(NestedProjects) = preSolution
		{33DA4C72-9613-49F5-98E0-E2BABBC73637} = {18F35D11-B5FE-4800-8559-26A98B2328CB}
		{1EE4393B-D5F4-47CB-97E5-36154E867158} = {18F35D11-B5FE-4800-8559-26A98B2328CB}
		{D18522B9-B145-429E-9562-311E844B64F5} = {18F35D11-B5FE-4800-8559-26A98B2328CB}
		{D2783B3A-FB28-4FAC-8D97-8AAD5D95ECAD} = {04FDB621-B754-4414-9AAF-BCF7DEBA902F}
		{DC72D456-5F76-40E4-AD0A-D0C312932F47} = {04FDB621-B754-4414-9AAF-BCF7DEBA902F}
		{9CDEEAE1-0522-48BA-BECC-3087B2AA2718} = {18F35D11-B5FE-4800-8559-26A98B2328CB}
		{8EF4E18E-5F99-42E9-A7D8-8360D181A547} = {18F35D11-B5FE-4800-8559-26A98B2328CB}
		{6F5DB2D6-8F53-456B-9485-60E2577C9F4C} = {04FDB621-B754-4414-9AAF-BCF7DEBA902F}
		{189363AC-7770-47E6-BA80-8CB9E0944432} = {18F35D11-B5FE-4800-8559-26A98B2328CB}
		{54A08AEA-85E1-4E2B-A676-3B1B89E9EC5D} = {04FDB621-B754-4414-9AAF-BCF7DEBA902F}
	EndGlobalSection
	GlobalSection(ExtensibilityGlobals) = postSolution
		SolutionGuid = {451E381E-593E-41C2-BC7C-DC1926C286D3}
	EndGlobalSection
EndGlobal
