
Microsoft Visual Studio Solution File, Format Version 12.00
# Visual Studio Version 17
VisualStudioVersion = 17.7.34031.279
MinimumVisualStudioVersion = 10.0.40219.1
Project("{2150E333-8FDC-42A3-9474-1A3956D46DE8}") = "Scratch_Apps", "Scratch_Apps", "{18F35D11-B5FE-4800-8559-26A98B2328CB}"
EndProject
Project("{9A19103F-16F7-4668-BE54-9A1E7A4F7556}") = "RelayControl", "Scratch_Apps\RelayControl\RelayControl.csproj", "{33DA4C72-9613-49F5-98E0-E2BABBC73637}"
EndProject
Project("{2150E333-8FDC-42A3-9474-1A3956D46DE8}") = "_External", "_External", "{4DBDBC5C-CC90-4872-A326-8494ABDDB82D}"
EndProject
Project("{9A19103F-16F7-4668-BE54-9A1E7A4F7556}") = "CloudStuff", "Scratch_Apps\CloudStuff\CloudStuff.csproj", "{1EE4393B-D5F4-47CB-97E5-36154E867158}"
EndProject
Project("{9A19103F-16F7-4668-BE54-9A1E7A4F7556}") = "Scheduler", "Scratch_Apps\Scheduler\Scheduler.csproj", "{D18522B9-B145-429E-9562-311E844B64F5}"
EndProject
Project("{2150E333-8FDC-42A3-9474-1A3956D46DE8}") = "Apps", "Apps", "{04FDB621-B754-4414-9AAF-BCF7DEBA902F}"
EndProject
Project("{9A19103F-16F7-4668-BE54-9A1E7A4F7556}") = "Cultivar.MeadowApp", "Apps\Cultivar.MeadowApp\Cultivar.MeadowApp.csproj", "{D2783B3A-FB28-4FAC-8D97-8AAD5D95ECAD}"
EndProject
Project("{9A19103F-16F7-4668-BE54-9A1E7A4F7556}") = "Cultivar.Core", "Apps\Cultivar.Core\Cultivar.Core.csproj", "{DC72D456-5F76-40E4-AD0A-D0C312932F47}"
EndProject
Project("{9A19103F-16F7-4668-BE54-9A1E7A4F7556}") = "Cultivar_AzureFunction", "Scratch_Apps\Cultivar_Azure\Cultivar_AzureFunction\Cultivar_AzureFunction.csproj", "{9CDEEAE1-0522-48BA-BECC-3087B2AA2718}"
EndProject
Project("{9A19103F-16F7-4668-BE54-9A1E7A4F7556}") = "Cultivar_AzureIotHub", "Scratch_Apps\Cultivar_Azure\Cultivar_AzureIoTHub\Cultivar_AzureIotHub.csproj", "{8EF4E18E-5F99-42E9-A7D8-8360D181A547}"
EndProject
Project("{9A19103F-16F7-4668-BE54-9A1E7A4F7556}") = "Cultivar_reTerminal", "..\Cultivar_reTerminal\Cultivar_reTerminal.csproj", "{6F5DB2D6-8F53-456B-9485-60E2577C9F4C}"
EndProject
Project("{9A19103F-16F7-4668-BE54-9A1E7A4F7556}") = "Meadow.Foundation.Core", "..\..\..\..\Meadow.Foundation\Source\Meadow.Foundation.Core\Meadow.Foundation.Core.csproj", "{3D9D2438-9AD0-44DB-A422-4D2C989FA1D1}"
EndProject
Project("{9A19103F-16F7-4668-BE54-9A1E7A4F7556}") = "Meadow.Units", "..\..\..\..\Meadow.Units\Source\Meadow.Units\Meadow.Units.csproj", "{51EC25FD-9B8B-46B2-8F0B-4BE4F8B1C30D}"
EndProject
Project("{9A19103F-16F7-4668-BE54-9A1E7A4F7556}") = "Meadow.Logging", "..\..\..\..\Meadow.Logging\Source\Meadow.Logging\lib\Meadow.Logging.csproj", "{5D634F3C-D22F-49FA-98BA-A4D526B137FD}"
EndProject
Project("{9A19103F-16F7-4668-BE54-9A1E7A4F7556}") = "Meadow.Contracts", "..\..\..\..\Meadow.Contracts\Source\Meadow.Contracts\Meadow.Contracts.csproj", "{76BF92AC-CE19-431A-804B-3E14ADD44A0F}"
EndProject
Project("{9A19103F-16F7-4668-BE54-9A1E7A4F7556}") = "Meadow.Modbus", "..\..\..\..\Meadow.Modbus\src\Meadow.Modbus\Meadow.Modbus.csproj", "{783EDCA4-9FE3-4C35-9D81-D6F4FF8001B6}"
EndProject
Project("{9A19103F-16F7-4668-BE54-9A1E7A4F7556}") = "MQTTnet", "..\..\..\..\MQTTnet\Source\MQTTnet\MQTTnet.csproj", "{5FCAED6D-F214-4470-BAA3-2251A921683A}"
EndProject
Project("{9A19103F-16F7-4668-BE54-9A1E7A4F7556}") = "Meadow.Core", "..\..\..\..\Meadow.Core\source\Meadow.Core\Meadow.Core.csproj", "{BA07A3C3-947F-4731-B71A-B38ECC9CF81A}"
EndProject
Project("{9A19103F-16F7-4668-BE54-9A1E7A4F7556}") = "Meadow.F7", "..\..\..\..\Meadow.Core\source\implementations\f7\Meadow.F7\Meadow.F7.csproj", "{D0C4F3BE-3F4A-46C4-A744-7591B822A4D0}"
EndProject
Project("{9A19103F-16F7-4668-BE54-9A1E7A4F7556}") = "Graphics.MicroGraphics", "..\..\..\..\Meadow.Foundation\Source\Meadow.Foundation.Libraries_and_Frameworks\Graphics.MicroGraphics\Driver\Graphics.MicroGraphics.csproj", "{45AD39FA-DA2C-44CB-A630-946A87DDCD77}"
EndProject
Project("{9A19103F-16F7-4668-BE54-9A1E7A4F7556}") = "Graphics.MicroLayout", "..\..\..\..\Meadow.Foundation\Source\Meadow.Foundation.Libraries_and_Frameworks\Graphics.MicroLayout\Driver\Graphics.MicroLayout.csproj", "{D9B431E7-AA9D-4C30-8F3A-55FD143A63D5}"
EndProject
Project("{9A19103F-16F7-4668-BE54-9A1E7A4F7556}") = "Displays.TftSpi", "..\..\..\..\Meadow.Foundation\Source\Meadow.Foundation.Peripherals\Displays.TftSpi\Driver\Displays.TftSpi.csproj", "{765E5183-D0FE-4B98-93D2-175FD90C5CB9}"
EndProject
Project("{9A19103F-16F7-4668-BE54-9A1E7A4F7556}") = "Relays.ElectromagneticRelayModule", "..\..\..\..\Meadow.Foundation.CompositeDevices\Source\Relays.ElectromagneticRelayModule\Driver\Relays.ElectromagneticRelayModule.csproj", "{D223E9ED-2F96-43DA-A0A4-79E59DC21AD7}"
EndProject
Project("{9A19103F-16F7-4668-BE54-9A1E7A4F7556}") = "Sensors.Moisture.Capacitive", "..\..\..\..\Meadow.Foundation\Source\Meadow.Foundation.Peripherals\Sensors.Moisture.Capacitive\Driver\Sensors.Moisture.Capacitive.csproj", "{AB302BBC-377E-43C6-8969-D4BD90226681}"
EndProject
Project("{9A19103F-16F7-4668-BE54-9A1E7A4F7556}") = "Audio.MicroAudio", "..\..\..\..\Meadow.Foundation\Source\Meadow.Foundation.Libraries_and_Frameworks\Audio.MicroAudio\Driver\Audio.MicroAudio.csproj", "{3249E104-768B-442B-B2AF-2D6FB73871E6}"
EndProject
Project("{9A19103F-16F7-4668-BE54-9A1E7A4F7556}") = "Meadow.ProjectLab", "..\..\..\..\Meadow.ProjectLab\Source\Meadow.ProjectLab\Meadow.ProjectLab.csproj", "{069FF3EA-1271-4187-BFA8-EA18A490F3F1}"
EndProject
Project("{9A19103F-16F7-4668-BE54-9A1E7A4F7556}") = "ICs.IOExpanders.Mcp23xxx", "..\..\..\..\Meadow.Foundation\Source\Meadow.Foundation.Peripherals\ICs.IOExpanders.Mcp23xxx\Driver\ICs.IOExpanders.Mcp23xxx.csproj", "{0CEF9A4C-C196-4D76-8341-6F3166E160B0}"
EndProject
Project("{9A19103F-16F7-4668-BE54-9A1E7A4F7556}") = "ICs.IOExpanders.Sc16is7x2", "..\..\..\..\Meadow.Foundation\Source\Meadow.Foundation.Peripherals\ICs.IOExpanders.Sc16is7x2\Driver\ICs.IOExpanders.Sc16is7x2.csproj", "{4090D77E-78CA-4F1C-8C6B-8E4A2A7923F3}"
EndProject
Project("{9A19103F-16F7-4668-BE54-9A1E7A4F7556}") = "Sensors.Atmospheric.Bme68x", "..\..\..\..\Meadow.Foundation\Source\Meadow.Foundation.Peripherals\Sensors.Atmospheric.Bme68x\Driver\Sensors.Atmospheric.Bme68x.csproj", "{6278407D-B895-420A-96B7-7F9D17F86F01}"
EndProject
Project("{9A19103F-16F7-4668-BE54-9A1E7A4F7556}") = "Sensors.Light.Bh1750", "..\..\..\..\Meadow.Foundation\Source\Meadow.Foundation.Peripherals\Sensors.Light.Bh1750\Driver\Sensors.Light.Bh1750.csproj", "{60127396-9BFE-4A48-ACA3-A3C6FD724BB6}"
EndProject
Project("{9A19103F-16F7-4668-BE54-9A1E7A4F7556}") = "Sensors.Motion.Bmi270", "..\..\..\..\Meadow.Foundation\Source\Meadow.Foundation.Peripherals\Sensors.Motion.Bmi270\Driver\Sensors.Motion.Bmi270.csproj", "{51D863B7-32BD-4DD1-A1E1-6DDED0EEDC52}"
EndProject
Project("{9A19103F-16F7-4668-BE54-9A1E7A4F7556}") = "ICs.IOExpanders.Pcx857x", "..\..\..\..\Meadow.Foundation\Source\Meadow.Foundation.Peripherals\ICs.IOExpanders.Pcx857x\Driver\ICs.IOExpanders.Pcx857x.csproj", "{52338591-49BC-4266-9010-B90F049CBD03}"
EndProject
Project("{9A19103F-16F7-4668-BE54-9A1E7A4F7556}") = "Meadow.Logging.LogProviders", "..\..\..\..\Meadow.Logging\Source\Meadow.Logging.LogProviders\Driver\Meadow.Logging.LogProviders.csproj", "{4D34167F-8863-4583-8111-A9C71AEB5CFF}"
EndProject
Project("{9A19103F-16F7-4668-BE54-9A1E7A4F7556}") = "Cultivar_HMI", "Scratch_Apps\Cultivar_HMI\Cultivar_HMI.csproj", "{189363AC-7770-47E6-BA80-8CB9E0944432}"
EndProject
Project("{9A19103F-16F7-4668-BE54-9A1E7A4F7556}") = "Cultivar.Simulator", "Apps\Cultivar.Simulator\Cultivar.Simulator.csproj", "{54A08AEA-85E1-4E2B-A676-3B1B89E9EC5D}"
EndProject
Project("{9A19103F-16F7-4668-BE54-9A1E7A4F7556}") = "Meadow.Avalonia", "..\..\..\..\Meadow.Core\source\ui\Meadow.Avalonia\Meadow.Avalonia.csproj", "{D2176D94-2BA9-4A53-B223-DAE2D3AA868F}"
EndProject
Project("{9A19103F-16F7-4668-BE54-9A1E7A4F7556}") = "Meadow.Windows", "..\..\..\..\Meadow.Core\source\implementations\windows\Meadow.Windows\Meadow.Windows.csproj", "{2CA90957-87E5-4301-AA27-679327A38B74}"
EndProject
Global
	GlobalSection(SolutionConfigurationPlatforms) = preSolution
		Debug|Any CPU = Debug|Any CPU
		Release|Any CPU = Release|Any CPU
	EndGlobalSection
	GlobalSection(ProjectConfigurationPlatforms) = postSolution
		{33DA4C72-9613-49F5-98E0-E2BABBC73637}.Debug|Any CPU.ActiveCfg = Debug|Any CPU
		{33DA4C72-9613-49F5-98E0-E2BABBC73637}.Debug|Any CPU.Build.0 = Debug|Any CPU
		{33DA4C72-9613-49F5-98E0-E2BABBC73637}.Release|Any CPU.ActiveCfg = Release|Any CPU
		{33DA4C72-9613-49F5-98E0-E2BABBC73637}.Release|Any CPU.Build.0 = Release|Any CPU
		{1EE4393B-D5F4-47CB-97E5-36154E867158}.Debug|Any CPU.ActiveCfg = Debug|Any CPU
		{1EE4393B-D5F4-47CB-97E5-36154E867158}.Debug|Any CPU.Build.0 = Debug|Any CPU
		{1EE4393B-D5F4-47CB-97E5-36154E867158}.Release|Any CPU.ActiveCfg = Release|Any CPU
		{1EE4393B-D5F4-47CB-97E5-36154E867158}.Release|Any CPU.Build.0 = Release|Any CPU
		{D18522B9-B145-429E-9562-311E844B64F5}.Debug|Any CPU.ActiveCfg = Debug|Any CPU
		{D18522B9-B145-429E-9562-311E844B64F5}.Debug|Any CPU.Build.0 = Debug|Any CPU
		{D18522B9-B145-429E-9562-311E844B64F5}.Release|Any CPU.ActiveCfg = Release|Any CPU
		{D18522B9-B145-429E-9562-311E844B64F5}.Release|Any CPU.Build.0 = Release|Any CPU
		{D2783B3A-FB28-4FAC-8D97-8AAD5D95ECAD}.Debug|Any CPU.ActiveCfg = Debug|Any CPU
		{D2783B3A-FB28-4FAC-8D97-8AAD5D95ECAD}.Debug|Any CPU.Build.0 = Debug|Any CPU
		{D2783B3A-FB28-4FAC-8D97-8AAD5D95ECAD}.Release|Any CPU.ActiveCfg = Release|Any CPU
		{D2783B3A-FB28-4FAC-8D97-8AAD5D95ECAD}.Release|Any CPU.Build.0 = Release|Any CPU
		{DC72D456-5F76-40E4-AD0A-D0C312932F47}.Debug|Any CPU.ActiveCfg = Debug|Any CPU
		{DC72D456-5F76-40E4-AD0A-D0C312932F47}.Debug|Any CPU.Build.0 = Debug|Any CPU
		{DC72D456-5F76-40E4-AD0A-D0C312932F47}.Release|Any CPU.ActiveCfg = Release|Any CPU
		{DC72D456-5F76-40E4-AD0A-D0C312932F47}.Release|Any CPU.Build.0 = Release|Any CPU
		{9CDEEAE1-0522-48BA-BECC-3087B2AA2718}.Debug|Any CPU.ActiveCfg = Debug|Any CPU
		{9CDEEAE1-0522-48BA-BECC-3087B2AA2718}.Debug|Any CPU.Build.0 = Debug|Any CPU
		{9CDEEAE1-0522-48BA-BECC-3087B2AA2718}.Release|Any CPU.ActiveCfg = Release|Any CPU
		{9CDEEAE1-0522-48BA-BECC-3087B2AA2718}.Release|Any CPU.Build.0 = Release|Any CPU
		{8EF4E18E-5F99-42E9-A7D8-8360D181A547}.Debug|Any CPU.ActiveCfg = Debug|Any CPU
		{8EF4E18E-5F99-42E9-A7D8-8360D181A547}.Debug|Any CPU.Build.0 = Debug|Any CPU
		{8EF4E18E-5F99-42E9-A7D8-8360D181A547}.Debug|Any CPU.Deploy.0 = Debug|Any CPU
		{8EF4E18E-5F99-42E9-A7D8-8360D181A547}.Release|Any CPU.ActiveCfg = Release|Any CPU
		{8EF4E18E-5F99-42E9-A7D8-8360D181A547}.Release|Any CPU.Build.0 = Release|Any CPU
		{8EF4E18E-5F99-42E9-A7D8-8360D181A547}.Release|Any CPU.Deploy.0 = Release|Any CPU
		{6F5DB2D6-8F53-456B-9485-60E2577C9F4C}.Debug|Any CPU.ActiveCfg = Debug|Any CPU
		{6F5DB2D6-8F53-456B-9485-60E2577C9F4C}.Debug|Any CPU.Build.0 = Debug|Any CPU
		{6F5DB2D6-8F53-456B-9485-60E2577C9F4C}.Release|Any CPU.ActiveCfg = Release|Any CPU
		{6F5DB2D6-8F53-456B-9485-60E2577C9F4C}.Release|Any CPU.Build.0 = Release|Any CPU
		{3D9D2438-9AD0-44DB-A422-4D2C989FA1D1}.Debug|Any CPU.ActiveCfg = Debug|Any CPU
		{3D9D2438-9AD0-44DB-A422-4D2C989FA1D1}.Debug|Any CPU.Build.0 = Debug|Any CPU
		{3D9D2438-9AD0-44DB-A422-4D2C989FA1D1}.Release|Any CPU.ActiveCfg = Release|Any CPU
		{3D9D2438-9AD0-44DB-A422-4D2C989FA1D1}.Release|Any CPU.Build.0 = Release|Any CPU
		{51EC25FD-9B8B-46B2-8F0B-4BE4F8B1C30D}.Debug|Any CPU.ActiveCfg = Debug|Any CPU
		{51EC25FD-9B8B-46B2-8F0B-4BE4F8B1C30D}.Debug|Any CPU.Build.0 = Debug|Any CPU
		{51EC25FD-9B8B-46B2-8F0B-4BE4F8B1C30D}.Debug|Any CPU.Deploy.0 = Debug|Any CPU
		{51EC25FD-9B8B-46B2-8F0B-4BE4F8B1C30D}.Release|Any CPU.ActiveCfg = Release|Any CPU
		{51EC25FD-9B8B-46B2-8F0B-4BE4F8B1C30D}.Release|Any CPU.Build.0 = Release|Any CPU
		{51EC25FD-9B8B-46B2-8F0B-4BE4F8B1C30D}.Release|Any CPU.Deploy.0 = Release|Any CPU
		{5D634F3C-D22F-49FA-98BA-A4D526B137FD}.Debug|Any CPU.ActiveCfg = Debug|Any CPU
		{5D634F3C-D22F-49FA-98BA-A4D526B137FD}.Debug|Any CPU.Build.0 = Debug|Any CPU
		{5D634F3C-D22F-49FA-98BA-A4D526B137FD}.Release|Any CPU.ActiveCfg = Release|Any CPU
		{5D634F3C-D22F-49FA-98BA-A4D526B137FD}.Release|Any CPU.Build.0 = Release|Any CPU
		{76BF92AC-CE19-431A-804B-3E14ADD44A0F}.Debug|Any CPU.ActiveCfg = Debug|Any CPU
		{76BF92AC-CE19-431A-804B-3E14ADD44A0F}.Debug|Any CPU.Build.0 = Debug|Any CPU
		{76BF92AC-CE19-431A-804B-3E14ADD44A0F}.Debug|Any CPU.Deploy.0 = Debug|Any CPU
		{76BF92AC-CE19-431A-804B-3E14ADD44A0F}.Release|Any CPU.ActiveCfg = Release|Any CPU
		{76BF92AC-CE19-431A-804B-3E14ADD44A0F}.Release|Any CPU.Build.0 = Release|Any CPU
		{76BF92AC-CE19-431A-804B-3E14ADD44A0F}.Release|Any CPU.Deploy.0 = Release|Any CPU
		{783EDCA4-9FE3-4C35-9D81-D6F4FF8001B6}.Debug|Any CPU.ActiveCfg = Debug|Any CPU
		{783EDCA4-9FE3-4C35-9D81-D6F4FF8001B6}.Debug|Any CPU.Build.0 = Debug|Any CPU
		{783EDCA4-9FE3-4C35-9D81-D6F4FF8001B6}.Release|Any CPU.ActiveCfg = Release|Any CPU
		{783EDCA4-9FE3-4C35-9D81-D6F4FF8001B6}.Release|Any CPU.Build.0 = Release|Any CPU
		{5FCAED6D-F214-4470-BAA3-2251A921683A}.Debug|Any CPU.ActiveCfg = Debug|Any CPU
		{5FCAED6D-F214-4470-BAA3-2251A921683A}.Debug|Any CPU.Build.0 = Debug|Any CPU
		{5FCAED6D-F214-4470-BAA3-2251A921683A}.Release|Any CPU.ActiveCfg = Release|Any CPU
		{5FCAED6D-F214-4470-BAA3-2251A921683A}.Release|Any CPU.Build.0 = Release|Any CPU
		{BA07A3C3-947F-4731-B71A-B38ECC9CF81A}.Debug|Any CPU.ActiveCfg = Debug|Any CPU
		{BA07A3C3-947F-4731-B71A-B38ECC9CF81A}.Debug|Any CPU.Build.0 = Debug|Any CPU
		{BA07A3C3-947F-4731-B71A-B38ECC9CF81A}.Debug|Any CPU.Deploy.0 = Debug|Any CPU
		{BA07A3C3-947F-4731-B71A-B38ECC9CF81A}.Release|Any CPU.ActiveCfg = Release|Any CPU
		{BA07A3C3-947F-4731-B71A-B38ECC9CF81A}.Release|Any CPU.Build.0 = Release|Any CPU
		{BA07A3C3-947F-4731-B71A-B38ECC9CF81A}.Release|Any CPU.Deploy.0 = Release|Any CPU
		{D0C4F3BE-3F4A-46C4-A744-7591B822A4D0}.Debug|Any CPU.ActiveCfg = Debug|Any CPU
		{D0C4F3BE-3F4A-46C4-A744-7591B822A4D0}.Debug|Any CPU.Build.0 = Debug|Any CPU
		{D0C4F3BE-3F4A-46C4-A744-7591B822A4D0}.Debug|Any CPU.Deploy.0 = Debug|Any CPU
		{D0C4F3BE-3F4A-46C4-A744-7591B822A4D0}.Release|Any CPU.ActiveCfg = Release|Any CPU
		{D0C4F3BE-3F4A-46C4-A744-7591B822A4D0}.Release|Any CPU.Build.0 = Release|Any CPU
		{D0C4F3BE-3F4A-46C4-A744-7591B822A4D0}.Release|Any CPU.Deploy.0 = Release|Any CPU
		{45AD39FA-DA2C-44CB-A630-946A87DDCD77}.Debug|Any CPU.ActiveCfg = Debug|Any CPU
		{45AD39FA-DA2C-44CB-A630-946A87DDCD77}.Debug|Any CPU.Build.0 = Debug|Any CPU
		{45AD39FA-DA2C-44CB-A630-946A87DDCD77}.Debug|Any CPU.Deploy.0 = Debug|Any CPU
		{45AD39FA-DA2C-44CB-A630-946A87DDCD77}.Release|Any CPU.ActiveCfg = Release|Any CPU
		{45AD39FA-DA2C-44CB-A630-946A87DDCD77}.Release|Any CPU.Build.0 = Release|Any CPU
		{45AD39FA-DA2C-44CB-A630-946A87DDCD77}.Release|Any CPU.Deploy.0 = Release|Any CPU
		{D9B431E7-AA9D-4C30-8F3A-55FD143A63D5}.Debug|Any CPU.ActiveCfg = Debug|Any CPU
		{D9B431E7-AA9D-4C30-8F3A-55FD143A63D5}.Debug|Any CPU.Build.0 = Debug|Any CPU
		{D9B431E7-AA9D-4C30-8F3A-55FD143A63D5}.Release|Any CPU.ActiveCfg = Release|Any CPU
		{D9B431E7-AA9D-4C30-8F3A-55FD143A63D5}.Release|Any CPU.Build.0 = Release|Any CPU
		{765E5183-D0FE-4B98-93D2-175FD90C5CB9}.Debug|Any CPU.ActiveCfg = Debug|Any CPU
		{765E5183-D0FE-4B98-93D2-175FD90C5CB9}.Debug|Any CPU.Build.0 = Debug|Any CPU
		{765E5183-D0FE-4B98-93D2-175FD90C5CB9}.Debug|Any CPU.Deploy.0 = Debug|Any CPU
		{765E5183-D0FE-4B98-93D2-175FD90C5CB9}.Release|Any CPU.ActiveCfg = Release|Any CPU
		{765E5183-D0FE-4B98-93D2-175FD90C5CB9}.Release|Any CPU.Build.0 = Release|Any CPU
		{765E5183-D0FE-4B98-93D2-175FD90C5CB9}.Release|Any CPU.Deploy.0 = Release|Any CPU
		{D223E9ED-2F96-43DA-A0A4-79E59DC21AD7}.Debug|Any CPU.ActiveCfg = Debug|Any CPU
		{D223E9ED-2F96-43DA-A0A4-79E59DC21AD7}.Debug|Any CPU.Build.0 = Debug|Any CPU
		{D223E9ED-2F96-43DA-A0A4-79E59DC21AD7}.Debug|Any CPU.Deploy.0 = Debug|Any CPU
		{D223E9ED-2F96-43DA-A0A4-79E59DC21AD7}.Release|Any CPU.ActiveCfg = Release|Any CPU
		{D223E9ED-2F96-43DA-A0A4-79E59DC21AD7}.Release|Any CPU.Build.0 = Release|Any CPU
		{D223E9ED-2F96-43DA-A0A4-79E59DC21AD7}.Release|Any CPU.Deploy.0 = Release|Any CPU
		{AB302BBC-377E-43C6-8969-D4BD90226681}.Debug|Any CPU.ActiveCfg = Debug|Any CPU
		{AB302BBC-377E-43C6-8969-D4BD90226681}.Debug|Any CPU.Build.0 = Debug|Any CPU
		{AB302BBC-377E-43C6-8969-D4BD90226681}.Debug|Any CPU.Deploy.0 = Debug|Any CPU
		{AB302BBC-377E-43C6-8969-D4BD90226681}.Release|Any CPU.ActiveCfg = Release|Any CPU
		{AB302BBC-377E-43C6-8969-D4BD90226681}.Release|Any CPU.Build.0 = Release|Any CPU
		{AB302BBC-377E-43C6-8969-D4BD90226681}.Release|Any CPU.Deploy.0 = Release|Any CPU
		{3249E104-768B-442B-B2AF-2D6FB73871E6}.Debug|Any CPU.ActiveCfg = Debug|Any CPU
		{3249E104-768B-442B-B2AF-2D6FB73871E6}.Debug|Any CPU.Build.0 = Debug|Any CPU
		{3249E104-768B-442B-B2AF-2D6FB73871E6}.Debug|Any CPU.Deploy.0 = Debug|Any CPU
		{3249E104-768B-442B-B2AF-2D6FB73871E6}.Release|Any CPU.ActiveCfg = Release|Any CPU
		{3249E104-768B-442B-B2AF-2D6FB73871E6}.Release|Any CPU.Build.0 = Release|Any CPU
		{3249E104-768B-442B-B2AF-2D6FB73871E6}.Release|Any CPU.Deploy.0 = Release|Any CPU
		{069FF3EA-1271-4187-BFA8-EA18A490F3F1}.Debug|Any CPU.ActiveCfg = Debug|Any CPU
		{069FF3EA-1271-4187-BFA8-EA18A490F3F1}.Debug|Any CPU.Build.0 = Debug|Any CPU
		{069FF3EA-1271-4187-BFA8-EA18A490F3F1}.Debug|Any CPU.Deploy.0 = Debug|Any CPU
		{069FF3EA-1271-4187-BFA8-EA18A490F3F1}.Release|Any CPU.ActiveCfg = Release|Any CPU
		{069FF3EA-1271-4187-BFA8-EA18A490F3F1}.Release|Any CPU.Build.0 = Release|Any CPU
		{069FF3EA-1271-4187-BFA8-EA18A490F3F1}.Release|Any CPU.Deploy.0 = Release|Any CPU
		{0CEF9A4C-C196-4D76-8341-6F3166E160B0}.Debug|Any CPU.ActiveCfg = Debug|Any CPU
		{0CEF9A4C-C196-4D76-8341-6F3166E160B0}.Debug|Any CPU.Build.0 = Debug|Any CPU
		{0CEF9A4C-C196-4D76-8341-6F3166E160B0}.Debug|Any CPU.Deploy.0 = Debug|Any CPU
		{0CEF9A4C-C196-4D76-8341-6F3166E160B0}.Release|Any CPU.ActiveCfg = Release|Any CPU
		{0CEF9A4C-C196-4D76-8341-6F3166E160B0}.Release|Any CPU.Build.0 = Release|Any CPU
		{0CEF9A4C-C196-4D76-8341-6F3166E160B0}.Release|Any CPU.Deploy.0 = Release|Any CPU
		{4090D77E-78CA-4F1C-8C6B-8E4A2A7923F3}.Debug|Any CPU.ActiveCfg = Debug|Any CPU
		{4090D77E-78CA-4F1C-8C6B-8E4A2A7923F3}.Debug|Any CPU.Build.0 = Debug|Any CPU
		{4090D77E-78CA-4F1C-8C6B-8E4A2A7923F3}.Debug|Any CPU.Deploy.0 = Debug|Any CPU
		{4090D77E-78CA-4F1C-8C6B-8E4A2A7923F3}.Release|Any CPU.ActiveCfg = Release|Any CPU
		{4090D77E-78CA-4F1C-8C6B-8E4A2A7923F3}.Release|Any CPU.Build.0 = Release|Any CPU
		{4090D77E-78CA-4F1C-8C6B-8E4A2A7923F3}.Release|Any CPU.Deploy.0 = Release|Any CPU
		{6278407D-B895-420A-96B7-7F9D17F86F01}.Debug|Any CPU.ActiveCfg = Debug|Any CPU
		{6278407D-B895-420A-96B7-7F9D17F86F01}.Debug|Any CPU.Build.0 = Debug|Any CPU
		{6278407D-B895-420A-96B7-7F9D17F86F01}.Debug|Any CPU.Deploy.0 = Debug|Any CPU
		{6278407D-B895-420A-96B7-7F9D17F86F01}.Release|Any CPU.ActiveCfg = Release|Any CPU
		{6278407D-B895-420A-96B7-7F9D17F86F01}.Release|Any CPU.Build.0 = Release|Any CPU
		{6278407D-B895-420A-96B7-7F9D17F86F01}.Release|Any CPU.Deploy.0 = Release|Any CPU
		{60127396-9BFE-4A48-ACA3-A3C6FD724BB6}.Debug|Any CPU.ActiveCfg = Debug|Any CPU
		{60127396-9BFE-4A48-ACA3-A3C6FD724BB6}.Debug|Any CPU.Build.0 = Debug|Any CPU
		{60127396-9BFE-4A48-ACA3-A3C6FD724BB6}.Debug|Any CPU.Deploy.0 = Debug|Any CPU
		{60127396-9BFE-4A48-ACA3-A3C6FD724BB6}.Release|Any CPU.ActiveCfg = Release|Any CPU
		{60127396-9BFE-4A48-ACA3-A3C6FD724BB6}.Release|Any CPU.Build.0 = Release|Any CPU
		{60127396-9BFE-4A48-ACA3-A3C6FD724BB6}.Release|Any CPU.Deploy.0 = Release|Any CPU
		{51D863B7-32BD-4DD1-A1E1-6DDED0EEDC52}.Debug|Any CPU.ActiveCfg = Debug|Any CPU
		{51D863B7-32BD-4DD1-A1E1-6DDED0EEDC52}.Debug|Any CPU.Build.0 = Debug|Any CPU
		{51D863B7-32BD-4DD1-A1E1-6DDED0EEDC52}.Debug|Any CPU.Deploy.0 = Debug|Any CPU
		{51D863B7-32BD-4DD1-A1E1-6DDED0EEDC52}.Release|Any CPU.ActiveCfg = Release|Any CPU
		{51D863B7-32BD-4DD1-A1E1-6DDED0EEDC52}.Release|Any CPU.Build.0 = Release|Any CPU
		{51D863B7-32BD-4DD1-A1E1-6DDED0EEDC52}.Release|Any CPU.Deploy.0 = Release|Any CPU
		{52338591-49BC-4266-9010-B90F049CBD03}.Debug|Any CPU.ActiveCfg = Debug|Any CPU
		{52338591-49BC-4266-9010-B90F049CBD03}.Debug|Any CPU.Build.0 = Debug|Any CPU
		{52338591-49BC-4266-9010-B90F049CBD03}.Debug|Any CPU.Deploy.0 = Debug|Any CPU
		{52338591-49BC-4266-9010-B90F049CBD03}.Release|Any CPU.ActiveCfg = Release|Any CPU
		{52338591-49BC-4266-9010-B90F049CBD03}.Release|Any CPU.Build.0 = Release|Any CPU
		{52338591-49BC-4266-9010-B90F049CBD03}.Release|Any CPU.Deploy.0 = Release|Any CPU
		{4D34167F-8863-4583-8111-A9C71AEB5CFF}.Debug|Any CPU.ActiveCfg = Debug|Any CPU
		{4D34167F-8863-4583-8111-A9C71AEB5CFF}.Debug|Any CPU.Build.0 = Debug|Any CPU
		{4D34167F-8863-4583-8111-A9C71AEB5CFF}.Debug|Any CPU.Deploy.0 = Debug|Any CPU
		{4D34167F-8863-4583-8111-A9C71AEB5CFF}.Release|Any CPU.ActiveCfg = Release|Any CPU
		{4D34167F-8863-4583-8111-A9C71AEB5CFF}.Release|Any CPU.Build.0 = Release|Any CPU
		{4D34167F-8863-4583-8111-A9C71AEB5CFF}.Release|Any CPU.Deploy.0 = Release|Any CPU
		{189363AC-7770-47E6-BA80-8CB9E0944432}.Debug|Any CPU.ActiveCfg = Debug|Any CPU
		{189363AC-7770-47E6-BA80-8CB9E0944432}.Debug|Any CPU.Build.0 = Debug|Any CPU
		{189363AC-7770-47E6-BA80-8CB9E0944432}.Debug|Any CPU.Deploy.0 = Debug|Any CPU
		{189363AC-7770-47E6-BA80-8CB9E0944432}.Release|Any CPU.ActiveCfg = Release|Any CPU
		{189363AC-7770-47E6-BA80-8CB9E0944432}.Release|Any CPU.Build.0 = Release|Any CPU
		{189363AC-7770-47E6-BA80-8CB9E0944432}.Release|Any CPU.Deploy.0 = Release|Any CPU
		{54A08AEA-85E1-4E2B-A676-3B1B89E9EC5D}.Debug|Any CPU.ActiveCfg = Debug|Any CPU
		{54A08AEA-85E1-4E2B-A676-3B1B89E9EC5D}.Debug|Any CPU.Build.0 = Debug|Any CPU
		{54A08AEA-85E1-4E2B-A676-3B1B89E9EC5D}.Release|Any CPU.ActiveCfg = Release|Any CPU
		{54A08AEA-85E1-4E2B-A676-3B1B89E9EC5D}.Release|Any CPU.Build.0 = Release|Any CPU
		{D2176D94-2BA9-4A53-B223-DAE2D3AA868F}.Debug|Any CPU.ActiveCfg = Debug|Any CPU
		{D2176D94-2BA9-4A53-B223-DAE2D3AA868F}.Debug|Any CPU.Build.0 = Debug|Any CPU
		{D2176D94-2BA9-4A53-B223-DAE2D3AA868F}.Release|Any CPU.ActiveCfg = Release|Any CPU
		{D2176D94-2BA9-4A53-B223-DAE2D3AA868F}.Release|Any CPU.Build.0 = Release|Any CPU
		{2CA90957-87E5-4301-AA27-679327A38B74}.Debug|Any CPU.ActiveCfg = Debug|Any CPU
		{2CA90957-87E5-4301-AA27-679327A38B74}.Debug|Any CPU.Build.0 = Debug|Any CPU
		{2CA90957-87E5-4301-AA27-679327A38B74}.Release|Any CPU.ActiveCfg = Release|Any CPU
		{2CA90957-87E5-4301-AA27-679327A38B74}.Release|Any CPU.Build.0 = Release|Any CPU
	EndGlobalSection
	GlobalSection(SolutionProperties) = preSolution
		HideSolutionNode = FALSE
	EndGlobalSection
	GlobalSection(NestedProjects) = preSolution
		{33DA4C72-9613-49F5-98E0-E2BABBC73637} = {18F35D11-B5FE-4800-8559-26A98B2328CB}
		{1EE4393B-D5F4-47CB-97E5-36154E867158} = {18F35D11-B5FE-4800-8559-26A98B2328CB}
		{D18522B9-B145-429E-9562-311E844B64F5} = {18F35D11-B5FE-4800-8559-26A98B2328CB}
		{D2783B3A-FB28-4FAC-8D97-8AAD5D95ECAD} = {04FDB621-B754-4414-9AAF-BCF7DEBA902F}
		{DC72D456-5F76-40E4-AD0A-D0C312932F47} = {04FDB621-B754-4414-9AAF-BCF7DEBA902F}
		{9CDEEAE1-0522-48BA-BECC-3087B2AA2718} = {18F35D11-B5FE-4800-8559-26A98B2328CB}
		{8EF4E18E-5F99-42E9-A7D8-8360D181A547} = {18F35D11-B5FE-4800-8559-26A98B2328CB}
		{6F5DB2D6-8F53-456B-9485-60E2577C9F4C} = {04FDB621-B754-4414-9AAF-BCF7DEBA902F}
		{3D9D2438-9AD0-44DB-A422-4D2C989FA1D1} = {4DBDBC5C-CC90-4872-A326-8494ABDDB82D}
		{51EC25FD-9B8B-46B2-8F0B-4BE4F8B1C30D} = {4DBDBC5C-CC90-4872-A326-8494ABDDB82D}
		{5D634F3C-D22F-49FA-98BA-A4D526B137FD} = {4DBDBC5C-CC90-4872-A326-8494ABDDB82D}
		{76BF92AC-CE19-431A-804B-3E14ADD44A0F} = {4DBDBC5C-CC90-4872-A326-8494ABDDB82D}
		{783EDCA4-9FE3-4C35-9D81-D6F4FF8001B6} = {4DBDBC5C-CC90-4872-A326-8494ABDDB82D}
		{5FCAED6D-F214-4470-BAA3-2251A921683A} = {4DBDBC5C-CC90-4872-A326-8494ABDDB82D}
		{BA07A3C3-947F-4731-B71A-B38ECC9CF81A} = {4DBDBC5C-CC90-4872-A326-8494ABDDB82D}
		{D0C4F3BE-3F4A-46C4-A744-7591B822A4D0} = {4DBDBC5C-CC90-4872-A326-8494ABDDB82D}
		{45AD39FA-DA2C-44CB-A630-946A87DDCD77} = {4DBDBC5C-CC90-4872-A326-8494ABDDB82D}
		{D9B431E7-AA9D-4C30-8F3A-55FD143A63D5} = {4DBDBC5C-CC90-4872-A326-8494ABDDB82D}
		{765E5183-D0FE-4B98-93D2-175FD90C5CB9} = {4DBDBC5C-CC90-4872-A326-8494ABDDB82D}
		{D223E9ED-2F96-43DA-A0A4-79E59DC21AD7} = {4DBDBC5C-CC90-4872-A326-8494ABDDB82D}
		{AB302BBC-377E-43C6-8969-D4BD90226681} = {4DBDBC5C-CC90-4872-A326-8494ABDDB82D}
		{3249E104-768B-442B-B2AF-2D6FB73871E6} = {4DBDBC5C-CC90-4872-A326-8494ABDDB82D}
		{069FF3EA-1271-4187-BFA8-EA18A490F3F1} = {4DBDBC5C-CC90-4872-A326-8494ABDDB82D}
		{0CEF9A4C-C196-4D76-8341-6F3166E160B0} = {4DBDBC5C-CC90-4872-A326-8494ABDDB82D}
		{4090D77E-78CA-4F1C-8C6B-8E4A2A7923F3} = {4DBDBC5C-CC90-4872-A326-8494ABDDB82D}
		{6278407D-B895-420A-96B7-7F9D17F86F01} = {4DBDBC5C-CC90-4872-A326-8494ABDDB82D}
		{60127396-9BFE-4A48-ACA3-A3C6FD724BB6} = {4DBDBC5C-CC90-4872-A326-8494ABDDB82D}
		{51D863B7-32BD-4DD1-A1E1-6DDED0EEDC52} = {4DBDBC5C-CC90-4872-A326-8494ABDDB82D}
		{52338591-49BC-4266-9010-B90F049CBD03} = {4DBDBC5C-CC90-4872-A326-8494ABDDB82D}
		{4D34167F-8863-4583-8111-A9C71AEB5CFF} = {4DBDBC5C-CC90-4872-A326-8494ABDDB82D}
		{189363AC-7770-47E6-BA80-8CB9E0944432} = {18F35D11-B5FE-4800-8559-26A98B2328CB}
		{54A08AEA-85E1-4E2B-A676-3B1B89E9EC5D} = {04FDB621-B754-4414-9AAF-BCF7DEBA902F}
		{D2176D94-2BA9-4A53-B223-DAE2D3AA868F} = {4DBDBC5C-CC90-4872-A326-8494ABDDB82D}
		{2CA90957-87E5-4301-AA27-679327A38B74} = {4DBDBC5C-CC90-4872-A326-8494ABDDB82D}
	EndGlobalSection
	GlobalSection(ExtensibilityGlobals) = postSolution
		SolutionGuid = {451E381E-593E-41C2-BC7C-DC1926C286D3}
	EndGlobalSection
EndGlobal
